
Microsoft Visual Studio Solution File, Format Version 12.00
# Visual Studio Version 17
VisualStudioVersion = 17.4.33213.308
MinimumVisualStudioVersion = 10.0.40219.1
Project("{FAE04EC0-301F-11D3-BF4B-00C04F79EFBC}") = "AzureDBEntity", "AzureDBEntity.csproj", "{78D57328-7EFD-4FEF-A9B0-FC1B0665511F}"
EndProject
Global
	GlobalSection(SolutionConfigurationPlatforms) = preSolution
		Debug|Any CPU = Debug|Any CPU
		Release|Any CPU = Release|Any CPU
	EndGlobalSection
	GlobalSection(ProjectConfigurationPlatforms) = postSolution
		{78D57328-7EFD-4FEF-A9B0-FC1B0665511F}.Debug|Any CPU.ActiveCfg = Debug|Any CPU
		{78D57328-7EFD-4FEF-A9B0-FC1B0665511F}.Debug|Any CPU.Build.0 = Debug|Any CPU
		{78D57328-7EFD-4FEF-A9B0-FC1B0665511F}.Release|Any CPU.ActiveCfg = Release|Any CPU
		{78D57328-7EFD-4FEF-A9B0-FC1B0665511F}.Release|Any CPU.Build.0 = Release|Any CPU
	EndGlobalSection
	GlobalSection(SolutionProperties) = preSolution
		HideSolutionNode = FALSE
	EndGlobalSection
	GlobalSection(ExtensibilityGlobals) = postSolution
		SolutionGuid = {3CD9975B-7114-4589-AD96-E48E9FD24830}
	EndGlobalSection
EndGlobal
